// !$*UTF8*$!
{
	archiveVersion = 1;
	classes = {
	};
	objectVersion = 77;
	objects = {

/* Begin PBXContainerItemProxy section */
		FC139EE12CAEE711008C3A32 /* PBXContainerItemProxy */ = {
			isa = PBXContainerItemProxy;
			containerPortal = FC139EC22CAEE70B008C3A32 /* Project object */;
			proxyType = 1;
			remoteGlobalIDString = FC139EC92CAEE70B008C3A32;
			remoteInfo = techSocialMediaApp;
		};
		FC139EEB2CAEE711008C3A32 /* PBXContainerItemProxy */ = {
			isa = PBXContainerItemProxy;
			containerPortal = FC139EC22CAEE70B008C3A32 /* Project object */;
			proxyType = 1;
			remoteGlobalIDString = FC139EC92CAEE70B008C3A32;
			remoteInfo = techSocialMediaApp;
		};
/* End PBXContainerItemProxy section */

/* Begin PBXFileReference section */
		FC139ECA2CAEE70B008C3A32 /* techSocialMediaApp.app */ = {isa = PBXFileReference; explicitFileType = wrapper.application; includeInIndex = 0; path = techSocialMediaApp.app; sourceTree = BUILT_PRODUCTS_DIR; };
		FC139EE02CAEE711008C3A32 /* techSocialMediaAppTests.xctest */ = {isa = PBXFileReference; explicitFileType = wrapper.cfbundle; includeInIndex = 0; path = techSocialMediaAppTests.xctest; sourceTree = BUILT_PRODUCTS_DIR; };
		FC139EEA2CAEE711008C3A32 /* techSocialMediaAppUITests.xctest */ = {isa = PBXFileReference; explicitFileType = wrapper.cfbundle; includeInIndex = 0; path = techSocialMediaAppUITests.xctest; sourceTree = BUILT_PRODUCTS_DIR; };
/* End PBXFileReference section */

/* Begin PBXFileSystemSynchronizedBuildFileExceptionSet section */
		FC139EF22CAEE711008C3A32 /* Exceptions for "techSocialMediaApp" folder in "techSocialMediaApp" target */ = {
			isa = PBXFileSystemSynchronizedBuildFileExceptionSet;
			membershipExceptions = (
				Info.plist,
			);
			target = FC139EC92CAEE70B008C3A32 /* techSocialMediaApp */;
		};
/* End PBXFileSystemSynchronizedBuildFileExceptionSet section */

/* Begin PBXFileSystemSynchronizedRootGroup section */
		FC139ECC2CAEE70B008C3A32 /* techSocialMediaApp */ = {
			isa = PBXFileSystemSynchronizedRootGroup;
			exceptions = (
				FC139EF22CAEE711008C3A32 /* Exceptions for "techSocialMediaApp" folder in "techSocialMediaApp" target */,
			);
			path = techSocialMediaApp;
			sourceTree = "<group>";
		};
		FC139EE32CAEE711008C3A32 /* techSocialMediaAppTests */ = {
			isa = PBXFileSystemSynchronizedRootGroup;
			path = techSocialMediaAppTests;
			sourceTree = "<group>";
		};
		FC139EED2CAEE711008C3A32 /* techSocialMediaAppUITests */ = {
			isa = PBXFileSystemSynchronizedRootGroup;
			path = techSocialMediaAppUITests;
			sourceTree = "<group>";
		};
/* End PBXFileSystemSynchronizedRootGroup section */

/* Begin PBXFrameworksBuildPhase section */
		FC139EC72CAEE70B008C3A32 /* Frameworks */ = {
			isa = PBXFrameworksBuildPhase;
			buildActionMask = 2147483647;
			files = (
			);
			runOnlyForDeploymentPostprocessing = 0;
		};
		FC139EDD2CAEE711008C3A32 /* Frameworks */ = {
			isa = PBXFrameworksBuildPhase;
			buildActionMask = 2147483647;
			files = (
			);
			runOnlyForDeploymentPostprocessing = 0;
		};
		FC139EE72CAEE711008C3A32 /* Frameworks */ = {
			isa = PBXFrameworksBuildPhase;
			buildActionMask = 2147483647;
			files = (
			);
			runOnlyForDeploymentPostprocessing = 0;
		};
/* End PBXFrameworksBuildPhase section */

/* Begin PBXGroup section */
		FC139EC12CAEE70B008C3A32 = {
			isa = PBXGroup;
			children = (
				FC139ECC2CAEE70B008C3A32 /* techSocialMediaApp */,
				FC139EE32CAEE711008C3A32 /* techSocialMediaAppTests */,
				FC139EED2CAEE711008C3A32 /* techSocialMediaAppUITests */,
				FC139ECB2CAEE70B008C3A32 /* Products */,
			);
			sourceTree = "<group>";
		};
		FC139ECB2CAEE70B008C3A32 /* Products */ = {
			isa = PBXGroup;
			children = (
				FC139ECA2CAEE70B008C3A32 /* techSocialMediaApp.app */,
				FC139EE02CAEE711008C3A32 /* techSocialMediaAppTests.xctest */,
				FC139EEA2CAEE711008C3A32 /* techSocialMediaAppUITests.xctest */,
			);
			name = Products;
			sourceTree = "<group>";
		};
/* End PBXGroup section */

/* Begin PBXNativeTarget section */
		FC139EC92CAEE70B008C3A32 /* techSocialMediaApp */ = {
			isa = PBXNativeTarget;
			buildConfigurationList = FC139EF32CAEE711008C3A32 /* Build configuration list for PBXNativeTarget "techSocialMediaApp" */;
			buildPhases = (
				FC139EC62CAEE70B008C3A32 /* Sources */,
				FC139EC72CAEE70B008C3A32 /* Frameworks */,
				FC139EC82CAEE70B008C3A32 /* Resources */,
			);
			buildRules = (
			);
			dependencies = (
			);
			fileSystemSynchronizedGroups = (
				FC139ECC2CAEE70B008C3A32 /* techSocialMediaApp */,
			);
			name = techSocialMediaApp;
			packageProductDependencies = (
			);
			productName = techSocialMediaApp;
			productReference = FC139ECA2CAEE70B008C3A32 /* techSocialMediaApp.app */;
			productType = "com.apple.product-type.application";
		};
		FC139EDF2CAEE711008C3A32 /* techSocialMediaAppTests */ = {
			isa = PBXNativeTarget;
			buildConfigurationList = FC139EF82CAEE711008C3A32 /* Build configuration list for PBXNativeTarget "techSocialMediaAppTests" */;
			buildPhases = (
				FC139EDC2CAEE711008C3A32 /* Sources */,
				FC139EDD2CAEE711008C3A32 /* Frameworks */,
				FC139EDE2CAEE711008C3A32 /* Resources */,
			);
			buildRules = (
			);
			dependencies = (
				FC139EE22CAEE711008C3A32 /* PBXTargetDependency */,
			);
			fileSystemSynchronizedGroups = (
				FC139EE32CAEE711008C3A32 /* techSocialMediaAppTests */,
			);
			name = techSocialMediaAppTests;
			packageProductDependencies = (
			);
			productName = techSocialMediaAppTests;
			productReference = FC139EE02CAEE711008C3A32 /* techSocialMediaAppTests.xctest */;
			productType = "com.apple.product-type.bundle.unit-test";
		};
		FC139EE92CAEE711008C3A32 /* techSocialMediaAppUITests */ = {
			isa = PBXNativeTarget;
			buildConfigurationList = FC139EFB2CAEE711008C3A32 /* Build configuration list for PBXNativeTarget "techSocialMediaAppUITests" */;
			buildPhases = (
				FC139EE62CAEE711008C3A32 /* Sources */,
				FC139EE72CAEE711008C3A32 /* Frameworks */,
				FC139EE82CAEE711008C3A32 /* Resources */,
			);
			buildRules = (
			);
			dependencies = (
				FC139EEC2CAEE711008C3A32 /* PBXTargetDependency */,
			);
			fileSystemSynchronizedGroups = (
				FC139EED2CAEE711008C3A32 /* techSocialMediaAppUITests */,
			);
			name = techSocialMediaAppUITests;
			packageProductDependencies = (
			);
			productName = techSocialMediaAppUITests;
			productReference = FC139EEA2CAEE711008C3A32 /* techSocialMediaAppUITests.xctest */;
			productType = "com.apple.product-type.bundle.ui-testing";
		};
/* End PBXNativeTarget section */

/* Begin PBXProject section */
		FC139EC22CAEE70B008C3A32 /* Project object */ = {
			isa = PBXProject;
			attributes = {
				BuildIndependentTargetsInParallel = 1;
				LastSwiftUpdateCheck = 1600;
				LastUpgradeCheck = 1600;
				TargetAttributes = {
					FC139EC92CAEE70B008C3A32 = {
						CreatedOnToolsVersion = 16.0;
					};
					FC139EDF2CAEE711008C3A32 = {
						CreatedOnToolsVersion = 16.0;
						TestTargetID = FC139EC92CAEE70B008C3A32;
					};
					FC139EE92CAEE711008C3A32 = {
						CreatedOnToolsVersion = 16.0;
						TestTargetID = FC139EC92CAEE70B008C3A32;
					};
				};
			};
			buildConfigurationList = FC139EC52CAEE70B008C3A32 /* Build configuration list for PBXProject "techSocialMediaApp" */;
			developmentRegion = en;
			hasScannedForEncodings = 0;
			knownRegions = (
				en,
				Base,
			);
			mainGroup = FC139EC12CAEE70B008C3A32;
			minimizedProjectReferenceProxies = 1;
			preferredProjectObjectVersion = 77;
			productRefGroup = FC139ECB2CAEE70B008C3A32 /* Products */;
			projectDirPath = "";
			projectRoot = "";
			targets = (
				FC139EC92CAEE70B008C3A32 /* techSocialMediaApp */,
				FC139EDF2CAEE711008C3A32 /* techSocialMediaAppTests */,
				FC139EE92CAEE711008C3A32 /* techSocialMediaAppUITests */,
			);
		};
/* End PBXProject section */

/* Begin PBXResourcesBuildPhase section */
		FC139EC82CAEE70B008C3A32 /* Resources */ = {
			isa = PBXResourcesBuildPhase;
			buildActionMask = 2147483647;
			files = (
			);
			runOnlyForDeploymentPostprocessing = 0;
		};
		FC139EDE2CAEE711008C3A32 /* Resources */ = {
			isa = PBXResourcesBuildPhase;
			buildActionMask = 2147483647;
			files = (
			);
			runOnlyForDeploymentPostprocessing = 0;
		};
		FC139EE82CAEE711008C3A32 /* Resources */ = {
			isa = PBXResourcesBuildPhase;
			buildActionMask = 2147483647;
			files = (
			);
			runOnlyForDeploymentPostprocessing = 0;
		};
/* End PBXResourcesBuildPhase section */

/* Begin PBXSourcesBuildPhase section */
		FC139EC62CAEE70B008C3A32 /* Sources */ = {
			isa = PBXSourcesBuildPhase;
			buildActionMask = 2147483647;
			files = (
			);
			runOnlyForDeploymentPostprocessing = 0;
		};
		FC139EDC2CAEE711008C3A32 /* Sources */ = {
			isa = PBXSourcesBuildPhase;
			buildActionMask = 2147483647;
			files = (
			);
			runOnlyForDeploymentPostprocessing = 0;
		};
		FC139EE62CAEE711008C3A32 /* Sources */ = {
			isa = PBXSourcesBuildPhase;
			buildActionMask = 2147483647;
			files = (
			);
			runOnlyForDeploymentPostprocessing = 0;
		};
/* End PBXSourcesBuildPhase section */

/* Begin PBXTargetDependency section */
		FC139EE22CAEE711008C3A32 /* PBXTargetDependency */ = {
			isa = PBXTargetDependency;
			target = FC139EC92CAEE70B008C3A32 /* techSocialMediaApp */;
			targetProxy = FC139EE12CAEE711008C3A32 /* PBXContainerItemProxy */;
		};
		FC139EEC2CAEE711008C3A32 /* PBXTargetDependency */ = {
			isa = PBXTargetDependency;
			target = FC139EC92CAEE70B008C3A32 /* techSocialMediaApp */;
			targetProxy = FC139EEB2CAEE711008C3A32 /* PBXContainerItemProxy */;
		};
/* End PBXTargetDependency section */

/* Begin XCBuildConfiguration section */
		FC139EF42CAEE711008C3A32 /* Debug */ = {
			isa = XCBuildConfiguration;
			buildSettings = {
				ASSETCATALOG_COMPILER_APPICON_NAME = AppIcon;
				ASSETCATALOG_COMPILER_GLOBAL_ACCENT_COLOR_NAME = AccentColor;
				CODE_SIGN_STYLE = Automatic;
				CURRENT_PROJECT_VERSION = 1;
				DEVELOPMENT_TEAM = 3K2SH8U42L;
				GENERATE_INFOPLIST_FILE = YES;
				INFOPLIST_FILE = techSocialMediaApp/Info.plist;
				INFOPLIST_KEY_UIApplicationSupportsIndirectInputEvents = YES;
				INFOPLIST_KEY_UILaunchStoryboardName = LaunchScreen;
				INFOPLIST_KEY_UIMainStoryboardFile = Main;
				INFOPLIST_KEY_UISupportedInterfaceOrientations_iPad = "UIInterfaceOrientationPortrait UIInterfaceOrientationPortraitUpsideDown UIInterfaceOrientationLandscapeLeft UIInterfaceOrientationLandscapeRight";
				INFOPLIST_KEY_UISupportedInterfaceOrientations_iPhone = "UIInterfaceOrientationPortrait UIInterfaceOrientationLandscapeLeft UIInterfaceOrientationLandscapeRight";
				LD_RUNPATH_SEARCH_PATHS = (
					"$(inherited)",
					"@executable_path/Frameworks",
				);
				MARKETING_VERSION = 1.0;
				PRODUCT_BUNDLE_IDENTIFIER = com.dylanlouder.techSocialMediaApp;
				PRODUCT_NAME = "$(TARGET_NAME)";
				SWIFT_EMIT_LOC_STRINGS = YES;
				SWIFT_VERSION = 5.0;
				TARGETED_DEVICE_FAMILY = "1,2";
			};
			name = Debug;
		};
		FC139EF52CAEE711008C3A32 /* Release */ = {
			isa = XCBuildConfiguration;
			buildSettings = {
				ASSETCATALOG_COMPILER_APPICON_NAME = AppIcon;
				ASSETCATALOG_COMPILER_GLOBAL_ACCENT_COLOR_NAME = AccentColor;
				CODE_SIGN_STYLE = Automatic;
				CURRENT_PROJECT_VERSION = 1;
				DEVELOPMENT_TEAM = 3K2SH8U42L;
				GENERATE_INFOPLIST_FILE = YES;
				INFOPLIST_FILE = techSocialMediaApp/Info.plist;
				INFOPLIST_KEY_UIApplicationSupportsIndirectInputEvents = YES;
				INFOPLIST_KEY_UILaunchStoryboardName = LaunchScreen;
				INFOPLIST_KEY_UIMainStoryboardFile = Main;
				INFOPLIST_KEY_UISupportedInterfaceOrientations_iPad = "UIInterfaceOrientationPortrait UIInterfaceOrientationPortraitUpsideDown UIInterfaceOrientationLandscapeLeft UIInterfaceOrientationLandscapeRight";
				INFOPLIST_KEY_UISupportedInterfaceOrientations_iPhone = "UIInterfaceOrientationPortrait UIInterfaceOrientationLandscapeLeft UIInterfaceOrientationLandscapeRight";
				LD_RUNPATH_SEARCH_PATHS = (
					"$(inherited)",
					"@executable_path/Frameworks",
				);
				MARKETING_VERSION = 1.0;
				PRODUCT_BUNDLE_IDENTIFIER = com.dylanlouder.techSocialMediaApp;
				PRODUCT_NAME = "$(TARGET_NAME)";
				SWIFT_EMIT_LOC_STRINGS = YES;
				SWIFT_VERSION = 5.0;
				TARGETED_DEVICE_FAMILY = "1,2";
			};
			name = Release;
		};
		FC139EF62CAEE711008C3A32 /* Debug */ = {
			isa = XCBuildConfiguration;
			buildSettings = {
				ALWAYS_SEARCH_USER_PATHS = NO;
				ASSETCATALOG_COMPILER_GENERATE_SWIFT_ASSET_SYMBOL_EXTENSIONS = YES;
				CLANG_ANALYZER_NONNULL = YES;
				CLANG_ANALYZER_NUMBER_OBJECT_CONVERSION = YES_AGGRESSIVE;
				CLANG_CXX_LANGUAGE_STANDARD = "gnu++20";
				CLANG_ENABLE_MODULES = YES;
				CLANG_ENABLE_OBJC_ARC = YES;
				CLANG_ENABLE_OBJC_WEAK = YES;
				CLANG_WARN_BLOCK_CAPTURE_AUTORELEASING = YES;
				CLANG_WARN_BOOL_CONVERSION = YES;
				CLANG_WARN_COMMA = YES;
				CLANG_WARN_CONSTANT_CONVERSION = YES;
				CLANG_WARN_DEPRECATED_OBJC_IMPLEMENTATIONS = YES;
				CLANG_WARN_DIRECT_OBJC_ISA_USAGE = YES_ERROR;
				CLANG_WARN_DOCUMENTATION_COMMENTS = YES;
				CLANG_WARN_EMPTY_BODY = YES;
				CLANG_WARN_ENUM_CONVERSION = YES;
				CLANG_WARN_INFINITE_RECURSION = YES;
				CLANG_WARN_INT_CONVERSION = YES;
				CLANG_WARN_NON_LITERAL_NULL_CONVERSION = YES;
				CLANG_WARN_OBJC_IMPLICIT_RETAIN_SELF = YES;
				CLANG_WARN_OBJC_LITERAL_CONVERSION = YES;
				CLANG_WARN_OBJC_ROOT_CLASS = YES_ERROR;
				CLANG_WARN_QUOTED_INCLUDE_IN_FRAMEWORK_HEADER = YES;
				CLANG_WARN_RANGE_LOOP_ANALYSIS = YES;
				CLANG_WARN_STRICT_PROTOTYPES = YES;
				CLANG_WARN_SUSPICIOUS_MOVE = YES;
				CLANG_WARN_UNGUARDED_AVAILABILITY = YES_AGGRESSIVE;
				CLANG_WARN_UNREACHABLE_CODE = YES;
				CLANG_WARN__DUPLICATE_METHOD_MATCH = YES;
				COPY_PHASE_STRIP = NO;
				DEBUG_INFORMATION_FORMAT = dwarf;
				ENABLE_STRICT_OBJC_MSGSEND = YES;
				ENABLE_TESTABILITY = YES;
				ENABLE_USER_SCRIPT_SANDBOXING = YES;
				GCC_C_LANGUAGE_STANDARD = gnu17;
				GCC_DYNAMIC_NO_PIC = NO;
				GCC_NO_COMMON_BLOCKS = YES;
				GCC_OPTIMIZATION_LEVEL = 0;
				GCC_PREPROCESSOR_DEFINITIONS = (
					"DEBUG=1",
					"$(inherited)",
				);
				GCC_WARN_64_TO_32_BIT_CONVERSION = YES;
				GCC_WARN_ABOUT_RETURN_TYPE = YES_ERROR;
				GCC_WARN_UNDECLARED_SELECTOR = YES;
				GCC_WARN_UNINITIALIZED_AUTOS = YES_AGGRESSIVE;
				GCC_WARN_UNUSED_FUNCTION = YES;
				GCC_WARN_UNUSED_VARIABLE = YES;
				IPHONEOS_DEPLOYMENT_TARGET = 18.0;
				LOCALIZATION_PREFERS_STRING_CATALOGS = YES;
				MTL_ENABLE_DEBUG_INFO = INCLUDE_SOURCE;
				MTL_FAST_MATH = YES;
				ONLY_ACTIVE_ARCH = YES;
				SDKROOT = iphoneos;
				SWIFT_ACTIVE_COMPILATION_CONDITIONS = "DEBUG $(inherited)";
				SWIFT_OPTIMIZATION_LEVEL = "-Onone";
			};
			name = Debug;
		};
		FC139EF72CAEE711008C3A32 /* Release */ = {
			isa = XCBuildConfiguration;
			buildSettings = {
				ALWAYS_SEARCH_USER_PATHS = NO;
				ASSETCATALOG_COMPILER_GENERATE_SWIFT_ASSET_SYMBOL_EXTENSIONS = YES;
				CLANG_ANALYZER_NONNULL = YES;
				CLANG_ANALYZER_NUMBER_OBJECT_CONVERSION = YES_AGGRESSIVE;
				CLANG_CXX_LANGUAGE_STANDARD = "gnu++20";
				CLANG_ENABLE_MODULES = YES;
				CLANG_ENABLE_OBJC_ARC = YES;
				CLANG_ENABLE_OBJC_WEAK = YES;
				CLANG_WARN_BLOCK_CAPTURE_AUTORELEASING = YES;
				CLANG_WARN_BOOL_CONVERSION = YES;
				CLANG_WARN_COMMA = YES;
				CLANG_WARN_CONSTANT_CONVERSION = YES;
				CLANG_WARN_DEPRECATED_OBJC_IMPLEMENTATIONS = YES;
				CLANG_WARN_DIRECT_OBJC_ISA_USAGE = YES_ERROR;
				CLANG_WARN_DOCUMENTATION_COMMENTS = YES;
				CLANG_WARN_EMPTY_BODY = YES;
				CLANG_WARN_ENUM_CONVERSION = YES;
				CLANG_WARN_INFINITE_RECURSION = YES;
				CLANG_WARN_INT_CONVERSION = YES;
				CLANG_WARN_NON_LITERAL_NULL_CONVERSION = YES;
				CLANG_WARN_OBJC_IMPLICIT_RETAIN_SELF = YES;
				CLANG_WARN_OBJC_LITERAL_CONVERSION = YES;
				CLANG_WARN_OBJC_ROOT_CLASS = YES_ERROR;
				CLANG_WARN_QUOTED_INCLUDE_IN_FRAMEWORK_HEADER = YES;
				CLANG_WARN_RANGE_LOOP_ANALYSIS = YES;
				CLANG_WARN_STRICT_PROTOTYPES = YES;
				CLANG_WARN_SUSPICIOUS_MOVE = YES;
				CLANG_WARN_UNGUARDED_AVAILABILITY = YES_AGGRESSIVE;
				CLANG_WARN_UNREACHABLE_CODE = YES;
				CLANG_WARN__DUPLICATE_METHOD_MATCH = YES;
				COPY_PHASE_STRIP = NO;
				DEBUG_INFORMATION_FORMAT = "dwarf-with-dsym";
				ENABLE_NS_ASSERTIONS = NO;
				ENABLE_STRICT_OBJC_MSGSEND = YES;
				ENABLE_USER_SCRIPT_SANDBOXING = YES;
				GCC_C_LANGUAGE_STANDARD = gnu17;
				GCC_NO_COMMON_BLOCKS = YES;
				GCC_WARN_64_TO_32_BIT_CONVERSION = YES;
				GCC_WARN_ABOUT_RETURN_TYPE = YES_ERROR;
				GCC_WARN_UNDECLARED_SELECTOR = YES;
				GCC_WARN_UNINITIALIZED_AUTOS = YES_AGGRESSIVE;
				GCC_WARN_UNUSED_FUNCTION = YES;
				GCC_WARN_UNUSED_VARIABLE = YES;
				IPHONEOS_DEPLOYMENT_TARGET = 18.0;
				LOCALIZATION_PREFERS_STRING_CATALOGS = YES;
				MTL_ENABLE_DEBUG_INFO = NO;
				MTL_FAST_MATH = YES;
				SDKROOT = iphoneos;
				SWIFT_COMPILATION_MODE = wholemodule;
				VALIDATE_PRODUCT = YES;
			};
			name = Release;
		};
		FC139EF92CAEE711008C3A32 /* Debug */ = {
			isa = XCBuildConfiguration;
			buildSettings = {
				BUNDLE_LOADER = "$(TEST_HOST)";
				CODE_SIGN_STYLE = Automatic;
				CURRENT_PROJECT_VERSION = 1;
				DEVELOPMENT_TEAM = 3K2SH8U42L;
				GENERATE_INFOPLIST_FILE = YES;
				IPHONEOS_DEPLOYMENT_TARGET = 18.0;
				MARKETING_VERSION = 1.0;
				PRODUCT_BUNDLE_IDENTIFIER = com.dylanlouder.techSocialMediaAppTests;
				PRODUCT_NAME = "$(TARGET_NAME)";
				SWIFT_EMIT_LOC_STRINGS = NO;
				SWIFT_VERSION = 5.0;
				TARGETED_DEVICE_FAMILY = "1,2";
				TEST_HOST = "$(BUILT_PRODUCTS_DIR)/techSocialMediaApp.app/$(BUNDLE_EXECUTABLE_FOLDER_PATH)/techSocialMediaApp";
			};
			name = Debug;
		};
		FC139EFA2CAEE711008C3A32 /* Release */ = {
			isa = XCBuildConfiguration;
			buildSettings = {
				BUNDLE_LOADER = "$(TEST_HOST)";
				CODE_SIGN_STYLE = Automatic;
				CURRENT_PROJECT_VERSION = 1;
				DEVELOPMENT_TEAM = 3K2SH8U42L;
				GENERATE_INFOPLIST_FILE = YES;
				IPHONEOS_DEPLOYMENT_TARGET = 18.0;
				MARKETING_VERSION = 1.0;
				PRODUCT_BUNDLE_IDENTIFIER = com.dylanlouder.techSocialMediaAppTests;
				PRODUCT_NAME = "$(TARGET_NAME)";
				SWIFT_EMIT_LOC_STRINGS = NO;
				SWIFT_VERSION = 5.0;
				TARGETED_DEVICE_FAMILY = "1,2";
				TEST_HOST = "$(BUILT_PRODUCTS_DIR)/techSocialMediaApp.app/$(BUNDLE_EXECUTABLE_FOLDER_PATH)/techSocialMediaApp";
			};
			name = Release;
		};
		FC139EFC2CAEE711008C3A32 /* Debug */ = {
			isa = XCBuildConfiguration;
			buildSettings = {
				CODE_SIGN_STYLE = Automatic;
				CURRENT_PROJECT_VERSION = 1;
				DEVELOPMENT_TEAM = 3K2SH8U42L;
				GENERATE_INFOPLIST_FILE = YES;
				MARKETING_VERSION = 1.0;
				PRODUCT_BUNDLE_IDENTIFIER = com.dylanlouder.techSocialMediaAppUITests;
				PRODUCT_NAME = "$(TARGET_NAME)";
				SWIFT_EMIT_LOC_STRINGS = NO;
				SWIFT_VERSION = 5.0;
				TARGETED_DEVICE_FAMILY = "1,2";
				TEST_TARGET_NAME = techSocialMediaApp;
			};
			name = Debug;
		};
		FC139EFD2CAEE711008C3A32 /* Release */ = {
			isa = XCBuildConfiguration;
			buildSettings = {
				CODE_SIGN_STYLE = Automatic;
				CURRENT_PROJECT_VERSION = 1;
				DEVELOPMENT_TEAM = 3K2SH8U42L;
				GENERATE_INFOPLIST_FILE = YES;
				MARKETING_VERSION = 1.0;
				PRODUCT_BUNDLE_IDENTIFIER = com.dylanlouder.techSocialMediaAppUITests;
				PRODUCT_NAME = "$(TARGET_NAME)";
				SWIFT_EMIT_LOC_STRINGS = NO;
				SWIFT_VERSION = 5.0;
				TARGETED_DEVICE_FAMILY = "1,2";
				TEST_TARGET_NAME = techSocialMediaApp;
			};
			name = Release;
		};
/* End XCBuildConfiguration section */

/* Begin XCConfigurationList section */
		FC139EC52CAEE70B008C3A32 /* Build configuration list for PBXProject "techSocialMediaApp" */ = {
			isa = XCConfigurationList;
			buildConfigurations = (
				FC139EF62CAEE711008C3A32 /* Debug */,
				FC139EF72CAEE711008C3A32 /* Release */,
			);
			defaultConfigurationIsVisible = 0;
			defaultConfigurationName = Release;
		};
		FC139EF32CAEE711008C3A32 /* Build configuration list for PBXNativeTarget "techSocialMediaApp" */ = {
			isa = XCConfigurationList;
			buildConfigurations = (
				FC139EF42CAEE711008C3A32 /* Debug */,
				FC139EF52CAEE711008C3A32 /* Release */,
			);
			defaultConfigurationIsVisible = 0;
			defaultConfigurationName = Release;
		};
		FC139EF82CAEE711008C3A32 /* Build configuration list for PBXNativeTarget "techSocialMediaAppTests" */ = {
			isa = XCConfigurationList;
			buildConfigurations = (
				FC139EF92CAEE711008C3A32 /* Debug */,
				FC139EFA2CAEE711008C3A32 /* Release */,
			);
			defaultConfigurationIsVisible = 0;
			defaultConfigurationName = Release;
		};
		FC139EFB2CAEE711008C3A32 /* Build configuration list for PBXNativeTarget "techSocialMediaAppUITests" */ = {
			isa = XCConfigurationList;
			buildConfigurations = (
				FC139EFC2CAEE711008C3A32 /* Debug */,
				FC139EFD2CAEE711008C3A32 /* Release */,
			);
			defaultConfigurationIsVisible = 0;
			defaultConfigurationName = Release;
		};
/* End XCConfigurationList section */
	};
	rootObject = FC139EC22CAEE70B008C3A32 /* Project object */;
}
